
Microsoft Visual Studio Solution File, Format Version 12.00
# Visual Studio 15
VisualStudioVersion = 15.0.26014.0
MinimumVisualStudioVersion = 10.0.40219.1
Project("{2150E333-8FDC-42A3-9474-1A3956D46DE8}") = "src", "src", "{2E35458F-1990-4D01-ACB5-F016F60A039B}"
EndProject
Project("{FAE04EC0-301F-11D3-BF4B-00C04F79EFBC}") = "losol.EventR", "src\losol.EventR\losol.EventR.csproj", "{431AC3BF-04AF-4D3D-8629-B7CACF343B96}"
EndProject
Project("{2150E333-8FDC-42A3-9474-1A3956D46DE8}") = "Docs", "Docs", "{54197961-2288-474C-8C58-A7EFC70A9CBB}"
	ProjectSection(SolutionItems) = preProject
		src\losol.EventR\Docs\ConfigureSendGridForEmail.md = src\losol.EventR\Docs\ConfigureSendGridForEmail.md
		src\losol.EventR\Docs\Index.md = src\losol.EventR\Docs\Index.md
		src\losol.EventR\Docs\KestrelWithHttps.md = src\losol.EventR\Docs\KestrelWithHttps.md
	EndProjectSection
EndProject
Global
	GlobalSection(SolutionConfigurationPlatforms) = preSolution
		Debug|Any CPU = Debug|Any CPU
		Debug|x64 = Debug|x64
		Debug|x86 = Debug|x86
		Release|Any CPU = Release|Any CPU
		Release|x64 = Release|x64
		Release|x86 = Release|x86
	EndGlobalSection
	GlobalSection(ProjectConfigurationPlatforms) = postSolution
		{431AC3BF-04AF-4D3D-8629-B7CACF343B96}.Debug|Any CPU.ActiveCfg = Debug|Any CPU
		{431AC3BF-04AF-4D3D-8629-B7CACF343B96}.Debug|Any CPU.Build.0 = Debug|Any CPU
		{431AC3BF-04AF-4D3D-8629-B7CACF343B96}.Debug|x64.ActiveCfg = Debug|x64
		{431AC3BF-04AF-4D3D-8629-B7CACF343B96}.Debug|x64.Build.0 = Debug|x64
		{431AC3BF-04AF-4D3D-8629-B7CACF343B96}.Debug|x86.ActiveCfg = Debug|x86
		{431AC3BF-04AF-4D3D-8629-B7CACF343B96}.Debug|x86.Build.0 = Debug|x86
		{431AC3BF-04AF-4D3D-8629-B7CACF343B96}.Release|Any CPU.ActiveCfg = Release|Any CPU
		{431AC3BF-04AF-4D3D-8629-B7CACF343B96}.Release|Any CPU.Build.0 = Release|Any CPU
		{431AC3BF-04AF-4D3D-8629-B7CACF343B96}.Release|x64.ActiveCfg = Release|x64
		{431AC3BF-04AF-4D3D-8629-B7CACF343B96}.Release|x64.Build.0 = Release|x64
		{431AC3BF-04AF-4D3D-8629-B7CACF343B96}.Release|x86.ActiveCfg = Release|x86
		{431AC3BF-04AF-4D3D-8629-B7CACF343B96}.Release|x86.Build.0 = Release|x86
	EndGlobalSection
	GlobalSection(SolutionProperties) = preSolution
		HideSolutionNode = FALSE
	EndGlobalSection
	GlobalSection(NestedProjects) = preSolution
		{431AC3BF-04AF-4D3D-8629-B7CACF343B96} = {2E35458F-1990-4D01-ACB5-F016F60A039B}
	EndGlobalSection
EndGlobal
